
Microsoft Visual Studio Solution File, Format Version 12.00
# Visual Studio Version 17
VisualStudioVersion = 17.0.31912.275
MinimumVisualStudioVersion = 10.0.40219.1
Project("{FAE04EC0-301F-11D3-BF4B-00C04F79EFBC}") = "SP_hw_7", "SP_hw_7\SP_hw_7.csproj", "{2848CFDA-242B-46E5-B928-82489F806E6E}"
EndProject
Global
	GlobalSection(SolutionConfigurationPlatforms) = preSolution
		Debug|Any CPU = Debug|Any CPU
		Release|Any CPU = Release|Any CPU
	EndGlobalSection
	GlobalSection(ProjectConfigurationPlatforms) = postSolution
		{2848CFDA-242B-46E5-B928-82489F806E6E}.Debug|Any CPU.ActiveCfg = Debug|Any CPU
		{2848CFDA-242B-46E5-B928-82489F806E6E}.Debug|Any CPU.Build.0 = Debug|Any CPU
		{2848CFDA-242B-46E5-B928-82489F806E6E}.Release|Any CPU.ActiveCfg = Release|Any CPU
		{2848CFDA-242B-46E5-B928-82489F806E6E}.Release|Any CPU.Build.0 = Release|Any CPU
	EndGlobalSection
	GlobalSection(SolutionProperties) = preSolution
		HideSolutionNode = FALSE
	EndGlobalSection
	GlobalSection(ExtensibilityGlobals) = postSolution
		SolutionGuid = {6737C317-7B50-46CC-B7BF-7CB5C7EE3E20}
	EndGlobalSection
EndGlobal
